
Microsoft Visual Studio Solution File, Format Version 12.00
# Visual Studio Version 17
VisualStudioVersion = 17.7.34031.279
MinimumVisualStudioVersion = 10.0.40219.1
Project("{FAE04EC0-301F-11D3-BF4B-00C04F79EFBC}") = "una-lista-03-csharp-202302", "una-lista-03-csharp-202302\una-lista-03-csharp-202302.csproj", "{AE2ED29B-14E1-4F26-8BCD-03BA82F79DB9}"
EndProject
Global
	GlobalSection(SolutionConfigurationPlatforms) = preSolution
		Debug|Any CPU = Debug|Any CPU
		Release|Any CPU = Release|Any CPU
	EndGlobalSection
	GlobalSection(ProjectConfigurationPlatforms) = postSolution
		{AE2ED29B-14E1-4F26-8BCD-03BA82F79DB9}.Debug|Any CPU.ActiveCfg = Debug|Any CPU
		{AE2ED29B-14E1-4F26-8BCD-03BA82F79DB9}.Debug|Any CPU.Build.0 = Debug|Any CPU
		{AE2ED29B-14E1-4F26-8BCD-03BA82F79DB9}.Release|Any CPU.ActiveCfg = Release|Any CPU
		{AE2ED29B-14E1-4F26-8BCD-03BA82F79DB9}.Release|Any CPU.Build.0 = Release|Any CPU
	EndGlobalSection
	GlobalSection(SolutionProperties) = preSolution
		HideSolutionNode = FALSE
	EndGlobalSection
	GlobalSection(ExtensibilityGlobals) = postSolution
		SolutionGuid = {E1FBBF74-4D3A-4198-8091-EA35B3268D93}
	EndGlobalSection
EndGlobal
